# This file is autogenerated, do not edit; changes may be undone by the next 'dep ensure'.


[[projects]]
  digest = "1:318f1c959a8a740366fce4b1e1eb2fd914036b4af58fbd0a003349b305f118ad"
  name = "github.com/golang/protobuf"
  packages = ["proto"]
  pruneopts = "UT"
  revision = "c823c79ea1570fb5ff454033735a8e68575d1d0f"
  version = "v1.3.0"

[[projects]]
  branch = "master"
  digest = "1:5bf23f15fd4550fa19e9fbc8e9fd2e254444a01f4644ad835b5389d1f7d91077"
  name = "github.com/mailru/easyjson"
  packages = [
    ".",
    "buffer",
    "jlexer",
    "jwriter",
  ]
  pruneopts = "UT"
  revision = "6243d8e04c3f819e79757e8bc3faa15c3cb27003"

[[projects]]
  branch = "master"
  digest = "1:abc956e6ebf99897f9d904d694d0b3020bd77db902e605b575a38dbb3cdb7e3d"
  name = "github.com/subiz/goutils"
  packages = [
    "clock",
    "conv",
  ]
  pruneopts = "UT"
  revision = "127988d6795c4e6dc1cac05105e0f19ab694e6da"

[[projects]]
  branch = "master"
  digest = "1:96cf88b2154aea61e90fc9e63bd80a17b6350ad79608f0f08784036b5b85daa3"
  name = "github.com/subiz/header"
  packages = [
    "account",
    "auth",
    "common",
    "payment",
  ]
  pruneopts = "UT"
  revision = "8ab38a0ede3bc81266de99152dcb49058a911ea8"

[solve-meta]
  analyzer-name = "dep"
  analyzer-version = 1
  input-imports = [
    "github.com/subiz/goutils/clock",
    "github.com/subiz/goutils/conv",
    "github.com/subiz/header/account",
  ]
  solver-name = "gps-cdcl"
  solver-version = 1
